
Microsoft Visual Studio Solution File, Format Version 12.00
# Visual Studio Version 17
VisualStudioVersion = 17.14.36414.22 d17.14
MinimumVisualStudioVersion = 10.0.40219.1
Project("{FAE04EC0-301F-11D3-BF4B-00C04F79EFBC}") = "EchoAPI", "EchoAPI.csproj", "{98D27DDE-E22E-476B-94AC-7FB375A44976}"
EndProject
Global
	GlobalSection(SolutionConfigurationPlatforms) = preSolution
		Debug|Any CPU = Debug|Any CPU
		Release|Any CPU = Release|Any CPU
	EndGlobalSection
	GlobalSection(ProjectConfigurationPlatforms) = postSolution
		{98D27DDE-E22E-476B-94AC-7FB375A44976}.Debug|Any CPU.ActiveCfg = Debug|Any CPU
		{98D27DDE-E22E-476B-94AC-7FB375A44976}.Debug|Any CPU.Build.0 = Debug|Any CPU
		{98D27DDE-E22E-476B-94AC-7FB375A44976}.Release|Any CPU.ActiveCfg = Release|Any CPU
		{98D27DDE-E22E-476B-94AC-7FB375A44976}.Release|Any CPU.Build.0 = Release|Any CPU
	EndGlobalSection
	GlobalSection(SolutionProperties) = preSolution
		HideSolutionNode = FALSE
	EndGlobalSection
	GlobalSection(ExtensibilityGlobals) = postSolution
		SolutionGuid = {2BB8974A-0419-45E0-A126-11E0FD2E4E48}
	EndGlobalSection
EndGlobal
